
Microsoft Visual Studio Solution File, Format Version 12.00
Project("{FAE04EC0-301F-11D3-BF4B-00C04F79EFBC}") = "GeoLocations.WebAPI", "GeoLocations.WebAPI\GeoLocations.WebAPI.csproj", "{932F5BA6-C685-4CFA-B4CD-564B5601CF93}"
EndProject
Project("{2150E333-8FDC-42A3-9474-1A3956D46DE8}") = "Hosts", "Hosts", "{1564357B-78E5-4B16-A314-B7F25DC1A814}"
EndProject
Project("{2150E333-8FDC-42A3-9474-1A3956D46DE8}") = "Shared", "Shared", "{58526A76-55EA-4ACA-9B2A-C40693B51E81}"
EndProject
Project("{FAE04EC0-301F-11D3-BF4B-00C04F79EFBC}") = "GeoLocations.Core", "GeoLocations.Core\GeoLocations.Core.csproj", "{8EBF8682-2F0D-44CD-8AF3-80BC71440D75}"
EndProject
Project("{FAE04EC0-301F-11D3-BF4B-00C04F79EFBC}") = "GeoLocations.Abstractions", "GeoLocations.Abstractions\GeoLocations.Abstractions.csproj", "{83E807D0-CCE4-4DA9-8FF5-4A304B4A7E0C}"
EndProject
Project("{2150E333-8FDC-42A3-9474-1A3956D46DE8}") = "Database", "Database", "{0388FF21-1A77-4712-8337-F2EC3525209F}"
EndProject
Project("{FAE04EC0-301F-11D3-BF4B-00C04F79EFBC}") = "GeoLocations.Dao", "GeoLocations.Dao\GeoLocations.Dao.csproj", "{811B3CBD-F298-4E68-A457-28009A559BD6}"
EndProject
Project("{FAE04EC0-301F-11D3-BF4B-00C04F79EFBC}") = "GeoLocations.MMDB", "GeoLocations.MMDB\GeoLocations.MMDB.csproj", "{68A2288E-B1A7-4201-86C6-7B3FA9BB889B}"
EndProject
Project("{FAE04EC0-301F-11D3-BF4B-00C04F79EFBC}") = "GeoLocations.PostgreSQL", "GeoLocations.PostgreSQL\GeoLocations.PostgreSQL.csproj", "{28F4AD7D-6C3B-43A8-A95C-9C3F6CD6010C}"
EndProject
Project("{2150E333-8FDC-42A3-9474-1A3956D46DE8}") = "Business", "Business", "{A8C85321-2B3D-45A5-AAB1-7DFC581922E8}"
EndProject
Project("{FAE04EC0-301F-11D3-BF4B-00C04F79EFBC}") = "GeoLocations.Infrastructure", "GeoLocations.Infrastructure\GeoLocations.Infrastructure.csproj", "{AEAC38BF-FD0E-44EE-9AAC-A0EEE4FDDFA3}"
EndProject
Project("{2150E333-8FDC-42A3-9474-1A3956D46DE8}") = "Extensions", "Extensions", "{34672BF7-FB23-4AB0-A3B2-AC25D2C14690}"
EndProject
Project("{FAE04EC0-301F-11D3-BF4B-00C04F79EFBC}") = "GeoLocations.Extensions.AspNetCore", "GeoLocations.Extensions.AspNetCore\GeoLocations.Extensions.AspNetCore.csproj", "{9E492E38-7218-4784-82FC-E87024875528}"
EndProject
Project("{FAE04EC0-301F-11D3-BF4B-00C04F79EFBC}") = "GeoLocations.Dapper", "GeoLocations.Dapper\GeoLocations.Dapper.csproj", "{7FE2156A-B3B7-4836-A946-083C11043206}"
EndProject
Global
	GlobalSection(SolutionConfigurationPlatforms) = preSolution
		Debug|Any CPU = Debug|Any CPU
		Release|Any CPU = Release|Any CPU
	EndGlobalSection
	GlobalSection(ProjectConfigurationPlatforms) = postSolution
		{932F5BA6-C685-4CFA-B4CD-564B5601CF93}.Debug|Any CPU.ActiveCfg = Debug|Any CPU
		{932F5BA6-C685-4CFA-B4CD-564B5601CF93}.Debug|Any CPU.Build.0 = Debug|Any CPU
		{932F5BA6-C685-4CFA-B4CD-564B5601CF93}.Release|Any CPU.ActiveCfg = Release|Any CPU
		{932F5BA6-C685-4CFA-B4CD-564B5601CF93}.Release|Any CPU.Build.0 = Release|Any CPU
		{8EBF8682-2F0D-44CD-8AF3-80BC71440D75}.Debug|Any CPU.ActiveCfg = Debug|Any CPU
		{8EBF8682-2F0D-44CD-8AF3-80BC71440D75}.Debug|Any CPU.Build.0 = Debug|Any CPU
		{8EBF8682-2F0D-44CD-8AF3-80BC71440D75}.Release|Any CPU.ActiveCfg = Release|Any CPU
		{8EBF8682-2F0D-44CD-8AF3-80BC71440D75}.Release|Any CPU.Build.0 = Release|Any CPU
		{83E807D0-CCE4-4DA9-8FF5-4A304B4A7E0C}.Debug|Any CPU.ActiveCfg = Debug|Any CPU
		{83E807D0-CCE4-4DA9-8FF5-4A304B4A7E0C}.Debug|Any CPU.Build.0 = Debug|Any CPU
		{83E807D0-CCE4-4DA9-8FF5-4A304B4A7E0C}.Release|Any CPU.ActiveCfg = Release|Any CPU
		{83E807D0-CCE4-4DA9-8FF5-4A304B4A7E0C}.Release|Any CPU.Build.0 = Release|Any CPU
		{811B3CBD-F298-4E68-A457-28009A559BD6}.Debug|Any CPU.ActiveCfg = Debug|Any CPU
		{811B3CBD-F298-4E68-A457-28009A559BD6}.Debug|Any CPU.Build.0 = Debug|Any CPU
		{811B3CBD-F298-4E68-A457-28009A559BD6}.Release|Any CPU.ActiveCfg = Release|Any CPU
		{811B3CBD-F298-4E68-A457-28009A559BD6}.Release|Any CPU.Build.0 = Release|Any CPU
		{68A2288E-B1A7-4201-86C6-7B3FA9BB889B}.Debug|Any CPU.ActiveCfg = Debug|Any CPU
		{68A2288E-B1A7-4201-86C6-7B3FA9BB889B}.Debug|Any CPU.Build.0 = Debug|Any CPU
		{68A2288E-B1A7-4201-86C6-7B3FA9BB889B}.Release|Any CPU.ActiveCfg = Release|Any CPU
		{68A2288E-B1A7-4201-86C6-7B3FA9BB889B}.Release|Any CPU.Build.0 = Release|Any CPU
		{28F4AD7D-6C3B-43A8-A95C-9C3F6CD6010C}.Debug|Any CPU.ActiveCfg = Debug|Any CPU
		{28F4AD7D-6C3B-43A8-A95C-9C3F6CD6010C}.Debug|Any CPU.Build.0 = Debug|Any CPU
		{28F4AD7D-6C3B-43A8-A95C-9C3F6CD6010C}.Release|Any CPU.ActiveCfg = Release|Any CPU
		{28F4AD7D-6C3B-43A8-A95C-9C3F6CD6010C}.Release|Any CPU.Build.0 = Release|Any CPU
		{AEAC38BF-FD0E-44EE-9AAC-A0EEE4FDDFA3}.Debug|Any CPU.ActiveCfg = Debug|Any CPU
		{AEAC38BF-FD0E-44EE-9AAC-A0EEE4FDDFA3}.Debug|Any CPU.Build.0 = Debug|Any CPU
		{AEAC38BF-FD0E-44EE-9AAC-A0EEE4FDDFA3}.Release|Any CPU.ActiveCfg = Release|Any CPU
		{AEAC38BF-FD0E-44EE-9AAC-A0EEE4FDDFA3}.Release|Any CPU.Build.0 = Release|Any CPU
		{9E492E38-7218-4784-82FC-E87024875528}.Debug|Any CPU.ActiveCfg = Debug|Any CPU
		{9E492E38-7218-4784-82FC-E87024875528}.Debug|Any CPU.Build.0 = Debug|Any CPU
		{9E492E38-7218-4784-82FC-E87024875528}.Release|Any CPU.ActiveCfg = Release|Any CPU
		{9E492E38-7218-4784-82FC-E87024875528}.Release|Any CPU.Build.0 = Release|Any CPU
		{7FE2156A-B3B7-4836-A946-083C11043206}.Debug|Any CPU.ActiveCfg = Debug|Any CPU
		{7FE2156A-B3B7-4836-A946-083C11043206}.Debug|Any CPU.Build.0 = Debug|Any CPU
		{7FE2156A-B3B7-4836-A946-083C11043206}.Release|Any CPU.ActiveCfg = Release|Any CPU
		{7FE2156A-B3B7-4836-A946-083C11043206}.Release|Any CPU.Build.0 = Release|Any CPU
	EndGlobalSection
	GlobalSection(NestedProjects) = preSolution
		{932F5BA6-C685-4CFA-B4CD-564B5601CF93} = {1564357B-78E5-4B16-A314-B7F25DC1A814}
		{8EBF8682-2F0D-44CD-8AF3-80BC71440D75} = {58526A76-55EA-4ACA-9B2A-C40693B51E81}
		{83E807D0-CCE4-4DA9-8FF5-4A304B4A7E0C} = {58526A76-55EA-4ACA-9B2A-C40693B51E81}
		{811B3CBD-F298-4E68-A457-28009A559BD6} = {0388FF21-1A77-4712-8337-F2EC3525209F}
		{68A2288E-B1A7-4201-86C6-7B3FA9BB889B} = {0388FF21-1A77-4712-8337-F2EC3525209F}
		{28F4AD7D-6C3B-43A8-A95C-9C3F6CD6010C} = {0388FF21-1A77-4712-8337-F2EC3525209F}
		{AEAC38BF-FD0E-44EE-9AAC-A0EEE4FDDFA3} = {A8C85321-2B3D-45A5-AAB1-7DFC581922E8}
		{9E492E38-7218-4784-82FC-E87024875528} = {34672BF7-FB23-4AB0-A3B2-AC25D2C14690}
		{7FE2156A-B3B7-4836-A946-083C11043206} = {0388FF21-1A77-4712-8337-F2EC3525209F}
	EndGlobalSection
EndGlobal
